
Microsoft Visual Studio Solution File, Format Version 12.00
Project("{FAE04EC0-301F-11D3-BF4B-00C04F79EFBC}") = "NexusBijoux", "NexusBijoux\NexusBijoux.csproj", "{6937DBEA-0005-413A-8E09-9B559CBC347C}"
EndProject
Global
	GlobalSection(SolutionConfigurationPlatforms) = preSolution
		Debug|Any CPU = Debug|Any CPU
		Release|Any CPU = Release|Any CPU
	EndGlobalSection
	GlobalSection(ProjectConfigurationPlatforms) = postSolution
		{6937DBEA-0005-413A-8E09-9B559CBC347C}.Debug|Any CPU.ActiveCfg = Debug|Any CPU
		{6937DBEA-0005-413A-8E09-9B559CBC347C}.Debug|Any CPU.Build.0 = Debug|Any CPU
		{6937DBEA-0005-413A-8E09-9B559CBC347C}.Release|Any CPU.ActiveCfg = Release|Any CPU
		{6937DBEA-0005-413A-8E09-9B559CBC347C}.Release|Any CPU.Build.0 = Release|Any CPU
	EndGlobalSection
EndGlobal
